
Microsoft Visual Studio Solution File, Format Version 12.00
Project("{FAE04EC0-301F-11D3-BF4B-00C04F79EFBC}") = "Dominio", "Dominio\Dominio.csproj", "{496665AE-51DE-42DA-BDB4-96AC9C5E2344}"
EndProject
Project("{FAE04EC0-301F-11D3-BF4B-00C04F79EFBC}") = "Tests", "Tests\Tests.csproj", "{BEB3208C-281E-4367-9BF6-6A4838161EEA}"
EndProject
Project("{FAE04EC0-301F-11D3-BF4B-00C04F79EFBC}") = "Servicio", "Servicio\Servicio.csproj", "{2DA11862-706C-43A3-86FB-465D7D1D8427}"
EndProject
Project("{FAE04EC0-301F-11D3-BF4B-00C04F79EFBC}") = "Repository", "Repository\Repository.csproj", "{68E59F93-1CFF-4E07-A1FD-41A072A01281}"
EndProject
Global
	GlobalSection(SolutionConfigurationPlatforms) = preSolution
		Debug|Any CPU = Debug|Any CPU
		Release|Any CPU = Release|Any CPU
	EndGlobalSection
	GlobalSection(ProjectConfigurationPlatforms) = postSolution
		{496665AE-51DE-42DA-BDB4-96AC9C5E2344}.Debug|Any CPU.ActiveCfg = Debug|Any CPU
		{496665AE-51DE-42DA-BDB4-96AC9C5E2344}.Debug|Any CPU.Build.0 = Debug|Any CPU
		{496665AE-51DE-42DA-BDB4-96AC9C5E2344}.Release|Any CPU.ActiveCfg = Release|Any CPU
		{496665AE-51DE-42DA-BDB4-96AC9C5E2344}.Release|Any CPU.Build.0 = Release|Any CPU
		{BEB3208C-281E-4367-9BF6-6A4838161EEA}.Debug|Any CPU.ActiveCfg = Debug|Any CPU
		{BEB3208C-281E-4367-9BF6-6A4838161EEA}.Debug|Any CPU.Build.0 = Debug|Any CPU
		{BEB3208C-281E-4367-9BF6-6A4838161EEA}.Release|Any CPU.ActiveCfg = Release|Any CPU
		{BEB3208C-281E-4367-9BF6-6A4838161EEA}.Release|Any CPU.Build.0 = Release|Any CPU
		{2DA11862-706C-43A3-86FB-465D7D1D8427}.Debug|Any CPU.ActiveCfg = Debug|Any CPU
		{2DA11862-706C-43A3-86FB-465D7D1D8427}.Debug|Any CPU.Build.0 = Debug|Any CPU
		{2DA11862-706C-43A3-86FB-465D7D1D8427}.Release|Any CPU.ActiveCfg = Release|Any CPU
		{2DA11862-706C-43A3-86FB-465D7D1D8427}.Release|Any CPU.Build.0 = Release|Any CPU
		{68E59F93-1CFF-4E07-A1FD-41A072A01281}.Debug|Any CPU.ActiveCfg = Debug|Any CPU
		{68E59F93-1CFF-4E07-A1FD-41A072A01281}.Debug|Any CPU.Build.0 = Debug|Any CPU
		{68E59F93-1CFF-4E07-A1FD-41A072A01281}.Release|Any CPU.ActiveCfg = Release|Any CPU
		{68E59F93-1CFF-4E07-A1FD-41A072A01281}.Release|Any CPU.Build.0 = Release|Any CPU
	EndGlobalSection
EndGlobal
